
Microsoft Visual Studio Solution File, Format Version 12.00
# Visual Studio Version 17
VisualStudioVersion = 17.14.36811.4 d17.14
MinimumVisualStudioVersion = 10.0.40219.1
Project("{FAE04EC0-301F-11D3-BF4B-00C04F79EFBC}") = "ConsoleApp24", "ConsoleApp24\ConsoleApp24.csproj", "{AFE68346-2157-407B-A37E-E64BE5E3BF32}"
EndProject
Global
	GlobalSection(SolutionConfigurationPlatforms) = preSolution
		Debug|Any CPU = Debug|Any CPU
		Release|Any CPU = Release|Any CPU
	EndGlobalSection
	GlobalSection(ProjectConfigurationPlatforms) = postSolution
		{AFE68346-2157-407B-A37E-E64BE5E3BF32}.Debug|Any CPU.ActiveCfg = Debug|Any CPU
		{AFE68346-2157-407B-A37E-E64BE5E3BF32}.Debug|Any CPU.Build.0 = Debug|Any CPU
		{AFE68346-2157-407B-A37E-E64BE5E3BF32}.Release|Any CPU.ActiveCfg = Release|Any CPU
		{AFE68346-2157-407B-A37E-E64BE5E3BF32}.Release|Any CPU.Build.0 = Release|Any CPU
	EndGlobalSection
	GlobalSection(SolutionProperties) = preSolution
		HideSolutionNode = FALSE
	EndGlobalSection
	GlobalSection(ExtensibilityGlobals) = postSolution
		SolutionGuid = {FAFD3294-4437-4929-B71E-F7DBC1997090}
	EndGlobalSection
EndGlobal
