
Microsoft Visual Studio Solution File, Format Version 12.00
# Visual Studio Version 17
VisualStudioVersion = 17.14.36811.4 d17.14
MinimumVisualStudioVersion = 10.0.40219.1
Project("{FAE04EC0-301F-11D3-BF4B-00C04F79EFBC}") = "ConsoleApp8", "ConsoleApp8\ConsoleApp8.csproj", "{6E34E634-D360-4240-8918-F3187174FDA0}"
EndProject
Global
	GlobalSection(SolutionConfigurationPlatforms) = preSolution
		Debug|Any CPU = Debug|Any CPU
		Release|Any CPU = Release|Any CPU
	EndGlobalSection
	GlobalSection(ProjectConfigurationPlatforms) = postSolution
		{6E34E634-D360-4240-8918-F3187174FDA0}.Debug|Any CPU.ActiveCfg = Debug|Any CPU
		{6E34E634-D360-4240-8918-F3187174FDA0}.Debug|Any CPU.Build.0 = Debug|Any CPU
		{6E34E634-D360-4240-8918-F3187174FDA0}.Release|Any CPU.ActiveCfg = Release|Any CPU
		{6E34E634-D360-4240-8918-F3187174FDA0}.Release|Any CPU.Build.0 = Release|Any CPU
	EndGlobalSection
	GlobalSection(SolutionProperties) = preSolution
		HideSolutionNode = FALSE
	EndGlobalSection
	GlobalSection(ExtensibilityGlobals) = postSolution
		SolutionGuid = {9DF5CBC1-96DD-4A69-AA59-D17A5C0C703A}
	EndGlobalSection
EndGlobal
