
Microsoft Visual Studio Solution File, Format Version 12.00
# Visual Studio Version 17
VisualStudioVersion = 17.14.36811.4 d17.14
MinimumVisualStudioVersion = 10.0.40219.1
Project("{FAE04EC0-301F-11D3-BF4B-00C04F79EFBC}") = "ConsoleApp16", "ConsoleApp16\ConsoleApp16.csproj", "{45991345-0133-464C-9AD0-6CF4D44F9D2E}"
EndProject
Global
	GlobalSection(SolutionConfigurationPlatforms) = preSolution
		Debug|Any CPU = Debug|Any CPU
		Release|Any CPU = Release|Any CPU
	EndGlobalSection
	GlobalSection(ProjectConfigurationPlatforms) = postSolution
		{45991345-0133-464C-9AD0-6CF4D44F9D2E}.Debug|Any CPU.ActiveCfg = Debug|Any CPU
		{45991345-0133-464C-9AD0-6CF4D44F9D2E}.Debug|Any CPU.Build.0 = Debug|Any CPU
		{45991345-0133-464C-9AD0-6CF4D44F9D2E}.Release|Any CPU.ActiveCfg = Release|Any CPU
		{45991345-0133-464C-9AD0-6CF4D44F9D2E}.Release|Any CPU.Build.0 = Release|Any CPU
	EndGlobalSection
	GlobalSection(SolutionProperties) = preSolution
		HideSolutionNode = FALSE
	EndGlobalSection
	GlobalSection(ExtensibilityGlobals) = postSolution
		SolutionGuid = {DE93997E-3C5F-4638-894C-180936F2AA32}
	EndGlobalSection
EndGlobal
