
Microsoft Visual Studio Solution File, Format Version 12.00
# Visual Studio Version 17
VisualStudioVersion = 17.14.36811.4 d17.14
MinimumVisualStudioVersion = 10.0.40219.1
Project("{FAE04EC0-301F-11D3-BF4B-00C04F79EFBC}") = "ConsoleApp36", "ConsoleApp36\ConsoleApp36.csproj", "{8F1375D7-2E72-4CB1-B67B-0396A12EB613}"
EndProject
Global
	GlobalSection(SolutionConfigurationPlatforms) = preSolution
		Debug|Any CPU = Debug|Any CPU
		Release|Any CPU = Release|Any CPU
	EndGlobalSection
	GlobalSection(ProjectConfigurationPlatforms) = postSolution
		{8F1375D7-2E72-4CB1-B67B-0396A12EB613}.Debug|Any CPU.ActiveCfg = Debug|Any CPU
		{8F1375D7-2E72-4CB1-B67B-0396A12EB613}.Debug|Any CPU.Build.0 = Debug|Any CPU
		{8F1375D7-2E72-4CB1-B67B-0396A12EB613}.Release|Any CPU.ActiveCfg = Release|Any CPU
		{8F1375D7-2E72-4CB1-B67B-0396A12EB613}.Release|Any CPU.Build.0 = Release|Any CPU
	EndGlobalSection
	GlobalSection(SolutionProperties) = preSolution
		HideSolutionNode = FALSE
	EndGlobalSection
	GlobalSection(ExtensibilityGlobals) = postSolution
		SolutionGuid = {90C9FCEF-1D5C-43A0-B2A8-CFDA7E727CF0}
	EndGlobalSection
EndGlobal
