
Microsoft Visual Studio Solution File, Format Version 12.00
# Visual Studio Version 17
VisualStudioVersion = 17.14.36811.4 d17.14
MinimumVisualStudioVersion = 10.0.40219.1
Project("{FAE04EC0-301F-11D3-BF4B-00C04F79EFBC}") = "ConsoleApp13", "ConsoleApp13\ConsoleApp13.csproj", "{BD679184-88B2-41A3-932B-BBA4F29FB893}"
EndProject
Global
	GlobalSection(SolutionConfigurationPlatforms) = preSolution
		Debug|Any CPU = Debug|Any CPU
		Release|Any CPU = Release|Any CPU
	EndGlobalSection
	GlobalSection(ProjectConfigurationPlatforms) = postSolution
		{BD679184-88B2-41A3-932B-BBA4F29FB893}.Debug|Any CPU.ActiveCfg = Debug|Any CPU
		{BD679184-88B2-41A3-932B-BBA4F29FB893}.Debug|Any CPU.Build.0 = Debug|Any CPU
		{BD679184-88B2-41A3-932B-BBA4F29FB893}.Release|Any CPU.ActiveCfg = Release|Any CPU
		{BD679184-88B2-41A3-932B-BBA4F29FB893}.Release|Any CPU.Build.0 = Release|Any CPU
	EndGlobalSection
	GlobalSection(SolutionProperties) = preSolution
		HideSolutionNode = FALSE
	EndGlobalSection
	GlobalSection(ExtensibilityGlobals) = postSolution
		SolutionGuid = {5323A43D-3729-4C86-9C9A-6AF895E4D364}
	EndGlobalSection
EndGlobal
