
Microsoft Visual Studio Solution File, Format Version 12.00
# Visual Studio Version 17
VisualStudioVersion = 17.14.36811.4 d17.14
MinimumVisualStudioVersion = 10.0.40219.1
Project("{FAE04EC0-301F-11D3-BF4B-00C04F79EFBC}") = "ConsoleApp35", "ConsoleApp35\ConsoleApp35.csproj", "{2117DA99-D002-47E5-8AF3-0356F6B422D2}"
EndProject
Global
	GlobalSection(SolutionConfigurationPlatforms) = preSolution
		Debug|Any CPU = Debug|Any CPU
		Release|Any CPU = Release|Any CPU
	EndGlobalSection
	GlobalSection(ProjectConfigurationPlatforms) = postSolution
		{2117DA99-D002-47E5-8AF3-0356F6B422D2}.Debug|Any CPU.ActiveCfg = Debug|Any CPU
		{2117DA99-D002-47E5-8AF3-0356F6B422D2}.Debug|Any CPU.Build.0 = Debug|Any CPU
		{2117DA99-D002-47E5-8AF3-0356F6B422D2}.Release|Any CPU.ActiveCfg = Release|Any CPU
		{2117DA99-D002-47E5-8AF3-0356F6B422D2}.Release|Any CPU.Build.0 = Release|Any CPU
	EndGlobalSection
	GlobalSection(SolutionProperties) = preSolution
		HideSolutionNode = FALSE
	EndGlobalSection
	GlobalSection(ExtensibilityGlobals) = postSolution
		SolutionGuid = {F71238AA-E1E3-4F7A-8F48-82DA7B12F07D}
	EndGlobalSection
EndGlobal
