
Microsoft Visual Studio Solution File, Format Version 12.00
# Visual Studio Version 17
VisualStudioVersion = 17.14.36811.4 d17.14
MinimumVisualStudioVersion = 10.0.40219.1
Project("{FAE04EC0-301F-11D3-BF4B-00C04F79EFBC}") = "ConsoleApp32", "ConsoleApp32\ConsoleApp32.csproj", "{87331C22-B8FF-4F55-9761-A8A4EE0C64AB}"
EndProject
Global
	GlobalSection(SolutionConfigurationPlatforms) = preSolution
		Debug|Any CPU = Debug|Any CPU
		Release|Any CPU = Release|Any CPU
	EndGlobalSection
	GlobalSection(ProjectConfigurationPlatforms) = postSolution
		{87331C22-B8FF-4F55-9761-A8A4EE0C64AB}.Debug|Any CPU.ActiveCfg = Debug|Any CPU
		{87331C22-B8FF-4F55-9761-A8A4EE0C64AB}.Debug|Any CPU.Build.0 = Debug|Any CPU
		{87331C22-B8FF-4F55-9761-A8A4EE0C64AB}.Release|Any CPU.ActiveCfg = Release|Any CPU
		{87331C22-B8FF-4F55-9761-A8A4EE0C64AB}.Release|Any CPU.Build.0 = Release|Any CPU
	EndGlobalSection
	GlobalSection(SolutionProperties) = preSolution
		HideSolutionNode = FALSE
	EndGlobalSection
	GlobalSection(ExtensibilityGlobals) = postSolution
		SolutionGuid = {9C5BBAF7-508C-455C-A1DB-5B8623CFF372}
	EndGlobalSection
EndGlobal
